
Microsoft Visual Studio Solution File, Format Version 12.00
# Visual Studio Version 16
VisualStudioVersion = 16.0.30320.27
MinimumVisualStudioVersion = 10.0.40219.1
Project("{8BC9CEB8-8B4A-11D0-8D11-00A0C91BC942}") = "ExplorerPreview", "ExplorerPreview.vcxproj", "{53BCBD3E-5491-4AF5-A87E-B69FB1C10988}"
EndProject
Global
	GlobalSection(SolutionConfigurationPlatforms) = preSolution
		Debug|x64 = Debug|x64
		Debug|x86 = Debug|x86
		Release|x64 = Release|x64
		Release|x86 = Release|x86
	EndGlobalSection
	GlobalSection(ProjectConfigurationPlatforms) = postSolution
		{53BCBD3E-5491-4AF5-A87E-B69FB1C10988}.Debug|x64.ActiveCfg = Debug|x64
		{53BCBD3E-5491-4AF5-A87E-B69FB1C10988}.Debug|x64.Build.0 = Debug|x64
		{53BCBD3E-5491-4AF5-A87E-B69FB1C10988}.Debug|x86.ActiveCfg = Debug|Win32
		{53BCBD3E-5491-4AF5-A87E-B69FB1C10988}.Debug|x86.Build.0 = Debug|Win32
		{53BCBD3E-5491-4AF5-A87E-B69FB1C10988}.Release|x64.ActiveCfg = Release|x64
		{53BCBD3E-5491-4AF5-A87E-B69FB1C10988}.Release|x64.Build.0 = Release|x64
		{53BCBD3E-5491-4AF5-A87E-B69FB1C10988}.Release|x86.ActiveCfg = Release|Win32
		{53BCBD3E-5491-4AF5-A87E-B69FB1C10988}.Release|x86.Build.0 = Release|Win32
	EndGlobalSection
	GlobalSection(SolutionProperties) = preSolution
		HideSolutionNode = FALSE
	EndGlobalSection
	GlobalSection(ExtensibilityGlobals) = postSolution
		SolutionGuid = {FD41E415-4514-4A09-9471-53FB594DF731}
	EndGlobalSection
EndGlobal
